
Microsoft Visual Studio Solution File, Format Version 12.00
# Visual Studio Version 16
VisualStudioVersion = 16.0.32413.511
MinimumVisualStudioVersion = 10.0.40219.1
Project("{FAE04EC0-301F-11D3-BF4B-00C04F79EFBC}") = "ConsoleApp", "ConsoleApp\ConsoleApp.csproj", "{9DA1E6B3-853F-4B42-831E-2E794C77DAAD}"
EndProject
Global
	GlobalSection(SolutionConfigurationPlatforms) = preSolution
		Debug|Any CPU = Debug|Any CPU
		Release|Any CPU = Release|Any CPU
	EndGlobalSection
	GlobalSection(ProjectConfigurationPlatforms) = postSolution
		{9DA1E6B3-853F-4B42-831E-2E794C77DAAD}.Debug|Any CPU.ActiveCfg = Debug|Any CPU
		{9DA1E6B3-853F-4B42-831E-2E794C77DAAD}.Debug|Any CPU.Build.0 = Debug|Any CPU
		{9DA1E6B3-853F-4B42-831E-2E794C77DAAD}.Release|Any CPU.ActiveCfg = Release|Any CPU
		{9DA1E6B3-853F-4B42-831E-2E794C77DAAD}.Release|Any CPU.Build.0 = Release|Any CPU
	EndGlobalSection
	GlobalSection(SolutionProperties) = preSolution
		HideSolutionNode = FALSE
	EndGlobalSection
	GlobalSection(ExtensibilityGlobals) = postSolution
		SolutionGuid = {024F7FF9-211D-4484-9740-64394B9434E4}
	EndGlobalSection
EndGlobal
